
Microsoft Visual Studio Solution File, Format Version 12.00
# Visual Studio 15
VisualStudioVersion = 15.0.28307.438
MinimumVisualStudioVersion = 10.0.40219.1
Project("{FAE04EC0-301F-11D3-BF4B-00C04F79EFBC}") = "SerializationCSharp", "SerializationCSharp\SerializationCSharp.csproj", "{8B1EB028-2399-4EA8-AC69-7F7AF3C0F1F3}"
EndProject
Global
	GlobalSection(SolutionConfigurationPlatforms) = preSolution
		Debug|Any CPU = Debug|Any CPU
		Release|Any CPU = Release|Any CPU
	EndGlobalSection
	GlobalSection(ProjectConfigurationPlatforms) = postSolution
		{8B1EB028-2399-4EA8-AC69-7F7AF3C0F1F3}.Debug|Any CPU.ActiveCfg = Debug|Any CPU
		{8B1EB028-2399-4EA8-AC69-7F7AF3C0F1F3}.Debug|Any CPU.Build.0 = Debug|Any CPU
		{8B1EB028-2399-4EA8-AC69-7F7AF3C0F1F3}.Release|Any CPU.ActiveCfg = Release|Any CPU
		{8B1EB028-2399-4EA8-AC69-7F7AF3C0F1F3}.Release|Any CPU.Build.0 = Release|Any CPU
	EndGlobalSection
	GlobalSection(SolutionProperties) = preSolution
		HideSolutionNode = FALSE
	EndGlobalSection
	GlobalSection(ExtensibilityGlobals) = postSolution
		SolutionGuid = {767C2A54-ECAF-4D3C-BC18-22FBF8213C0D}
	EndGlobalSection
EndGlobal
